
Microsoft Visual Studio Solution File, Format Version 12.00
# Visual Studio Version 16
VisualStudioVersion = 16.0.31129.286
MinimumVisualStudioVersion = 10.0.40219.1
Project("{9A19103F-16F7-4668-BE54-9A1E7A4F7556}") = "Day01", "Day01\Day01.csproj", "{0245CCD0-5EF9-4C3C-8ACC-C4CB61C6B58F}"
EndProject
Project("{FAE04EC0-301F-11D3-BF4B-00C04F79EFBC}") = "Day02", "Day02\Day02.csproj", "{CBD93D38-8BDC-4D21-A0F7-B2498E37884E}"
EndProject
Project("{9A19103F-16F7-4668-BE54-9A1E7A4F7556}") = "Day03", "Day03\Day03.csproj", "{723CA18F-058F-40D8-9222-78945512E3F0}"
EndProject
Project("{9A19103F-16F7-4668-BE54-9A1E7A4F7556}") = "Nodes", "Nodes\Nodes.csproj", "{AAEC0C77-A5F9-414A-8B02-39ED51AA09A8}"
EndProject
Project("{9A19103F-16F7-4668-BE54-9A1E7A4F7556}") = "Day04", "Day04\Day04.csproj", "{F55E3D3C-FDE0-443F-801F-DCBC303D78E8}"
EndProject
Project("{9A19103F-16F7-4668-BE54-9A1E7A4F7556}") = "Day05", "Day05\Day05.csproj", "{F20ECD44-40F0-40BC-9167-8C3B3EC63C5A}"
EndProject
Project("{9A19103F-16F7-4668-BE54-9A1E7A4F7556}") = "Day06", "Day06\Day06.csproj", "{738D0C3C-5722-45D9-B630-39336262CF59}"
EndProject
Project("{9A19103F-16F7-4668-BE54-9A1E7A4F7556}") = "2019-Day12", "2019-Day12\2019-Day12.csproj", "{DA7722E8-1116-49C8-B80E-0E13EF783000}"
EndProject
Project("{9A19103F-16F7-4668-BE54-9A1E7A4F7556}") = "Day07", "Day07\Day07.csproj", "{4ED3095B-992E-4567-AB5C-8FEEE140D8A3}"
EndProject
Project("{9A19103F-16F7-4668-BE54-9A1E7A4F7556}") = "Day08", "Day08\Day08.csproj", "{064B2DD9-37E1-49E9-9FE8-D2556A6F01F8}"
EndProject
Project("{9A19103F-16F7-4668-BE54-9A1E7A4F7556}") = "Day09", "Day09\Day09.csproj", "{81769882-10F6-46B6-A964-3D64970F00DF}"
EndProject
Project("{9A19103F-16F7-4668-BE54-9A1E7A4F7556}") = "Day10", "Day10\Day10.csproj", "{44A68107-7015-40B6-AA2B-832DF48715A6}"
EndProject
Project("{9A19103F-16F7-4668-BE54-9A1E7A4F7556}") = "Day11", "Day11\Day11.csproj", "{F41A52D9-09A7-460C-9713-1320455F76EA}"
EndProject
Project("{9A19103F-16F7-4668-BE54-9A1E7A4F7556}") = "Day12", "Day12\Day12.csproj", "{92C064E1-631F-4902-8E94-24C2E2891465}"
EndProject
Project("{FAE04EC0-301F-11D3-BF4B-00C04F79EFBC}") = "Day13", "Day13\Day13.csproj", "{E564C7D5-CAC4-454E-97DC-51EAD93F2546}"
EndProject
Project("{FAE04EC0-301F-11D3-BF4B-00C04F79EFBC}") = "Day14", "Day14\Day14.csproj", "{710D3D1B-933E-4F9C-B6FA-013349B6F4CF}"
EndProject
Global
	GlobalSection(SolutionConfigurationPlatforms) = preSolution
		Debug|Any CPU = Debug|Any CPU
		Release|Any CPU = Release|Any CPU
	EndGlobalSection
	GlobalSection(ProjectConfigurationPlatforms) = postSolution
		{0245CCD0-5EF9-4C3C-8ACC-C4CB61C6B58F}.Debug|Any CPU.ActiveCfg = Debug|Any CPU
		{0245CCD0-5EF9-4C3C-8ACC-C4CB61C6B58F}.Debug|Any CPU.Build.0 = Debug|Any CPU
		{0245CCD0-5EF9-4C3C-8ACC-C4CB61C6B58F}.Release|Any CPU.ActiveCfg = Release|Any CPU
		{0245CCD0-5EF9-4C3C-8ACC-C4CB61C6B58F}.Release|Any CPU.Build.0 = Release|Any CPU
		{CBD93D38-8BDC-4D21-A0F7-B2498E37884E}.Debug|Any CPU.ActiveCfg = Debug|Any CPU
		{CBD93D38-8BDC-4D21-A0F7-B2498E37884E}.Debug|Any CPU.Build.0 = Debug|Any CPU
		{CBD93D38-8BDC-4D21-A0F7-B2498E37884E}.Release|Any CPU.ActiveCfg = Release|Any CPU
		{CBD93D38-8BDC-4D21-A0F7-B2498E37884E}.Release|Any CPU.Build.0 = Release|Any CPU
		{723CA18F-058F-40D8-9222-78945512E3F0}.Debug|Any CPU.ActiveCfg = Debug|Any CPU
		{723CA18F-058F-40D8-9222-78945512E3F0}.Debug|Any CPU.Build.0 = Debug|Any CPU
		{723CA18F-058F-40D8-9222-78945512E3F0}.Release|Any CPU.ActiveCfg = Release|Any CPU
		{723CA18F-058F-40D8-9222-78945512E3F0}.Release|Any CPU.Build.0 = Release|Any CPU
		{AAEC0C77-A5F9-414A-8B02-39ED51AA09A8}.Debug|Any CPU.ActiveCfg = Debug|Any CPU
		{AAEC0C77-A5F9-414A-8B02-39ED51AA09A8}.Debug|Any CPU.Build.0 = Debug|Any CPU
		{AAEC0C77-A5F9-414A-8B02-39ED51AA09A8}.Release|Any CPU.ActiveCfg = Release|Any CPU
		{AAEC0C77-A5F9-414A-8B02-39ED51AA09A8}.Release|Any CPU.Build.0 = Release|Any CPU
		{F55E3D3C-FDE0-443F-801F-DCBC303D78E8}.Debug|Any CPU.ActiveCfg = Debug|Any CPU
		{F55E3D3C-FDE0-443F-801F-DCBC303D78E8}.Debug|Any CPU.Build.0 = Debug|Any CPU
		{F55E3D3C-FDE0-443F-801F-DCBC303D78E8}.Release|Any CPU.ActiveCfg = Release|Any CPU
		{F55E3D3C-FDE0-443F-801F-DCBC303D78E8}.Release|Any CPU.Build.0 = Release|Any CPU
		{F20ECD44-40F0-40BC-9167-8C3B3EC63C5A}.Debug|Any CPU.ActiveCfg = Debug|Any CPU
		{F20ECD44-40F0-40BC-9167-8C3B3EC63C5A}.Debug|Any CPU.Build.0 = Debug|Any CPU
		{F20ECD44-40F0-40BC-9167-8C3B3EC63C5A}.Release|Any CPU.ActiveCfg = Release|Any CPU
		{F20ECD44-40F0-40BC-9167-8C3B3EC63C5A}.Release|Any CPU.Build.0 = Release|Any CPU
		{738D0C3C-5722-45D9-B630-39336262CF59}.Debug|Any CPU.ActiveCfg = Debug|Any CPU
		{738D0C3C-5722-45D9-B630-39336262CF59}.Debug|Any CPU.Build.0 = Debug|Any CPU
		{738D0C3C-5722-45D9-B630-39336262CF59}.Release|Any CPU.ActiveCfg = Release|Any CPU
		{738D0C3C-5722-45D9-B630-39336262CF59}.Release|Any CPU.Build.0 = Release|Any CPU
		{DA7722E8-1116-49C8-B80E-0E13EF783000}.Debug|Any CPU.ActiveCfg = Debug|Any CPU
		{DA7722E8-1116-49C8-B80E-0E13EF783000}.Debug|Any CPU.Build.0 = Debug|Any CPU
		{DA7722E8-1116-49C8-B80E-0E13EF783000}.Release|Any CPU.ActiveCfg = Release|Any CPU
		{DA7722E8-1116-49C8-B80E-0E13EF783000}.Release|Any CPU.Build.0 = Release|Any CPU
		{4ED3095B-992E-4567-AB5C-8FEEE140D8A3}.Debug|Any CPU.ActiveCfg = Debug|Any CPU
		{4ED3095B-992E-4567-AB5C-8FEEE140D8A3}.Debug|Any CPU.Build.0 = Debug|Any CPU
		{4ED3095B-992E-4567-AB5C-8FEEE140D8A3}.Release|Any CPU.ActiveCfg = Release|Any CPU
		{4ED3095B-992E-4567-AB5C-8FEEE140D8A3}.Release|Any CPU.Build.0 = Release|Any CPU
		{064B2DD9-37E1-49E9-9FE8-D2556A6F01F8}.Debug|Any CPU.ActiveCfg = Debug|Any CPU
		{064B2DD9-37E1-49E9-9FE8-D2556A6F01F8}.Debug|Any CPU.Build.0 = Debug|Any CPU
		{064B2DD9-37E1-49E9-9FE8-D2556A6F01F8}.Release|Any CPU.ActiveCfg = Release|Any CPU
		{064B2DD9-37E1-49E9-9FE8-D2556A6F01F8}.Release|Any CPU.Build.0 = Release|Any CPU
		{81769882-10F6-46B6-A964-3D64970F00DF}.Debug|Any CPU.ActiveCfg = Debug|Any CPU
		{81769882-10F6-46B6-A964-3D64970F00DF}.Debug|Any CPU.Build.0 = Debug|Any CPU
		{81769882-10F6-46B6-A964-3D64970F00DF}.Release|Any CPU.ActiveCfg = Release|Any CPU
		{81769882-10F6-46B6-A964-3D64970F00DF}.Release|Any CPU.Build.0 = Release|Any CPU
		{44A68107-7015-40B6-AA2B-832DF48715A6}.Debug|Any CPU.ActiveCfg = Debug|Any CPU
		{44A68107-7015-40B6-AA2B-832DF48715A6}.Debug|Any CPU.Build.0 = Debug|Any CPU
		{44A68107-7015-40B6-AA2B-832DF48715A6}.Release|Any CPU.ActiveCfg = Release|Any CPU
		{44A68107-7015-40B6-AA2B-832DF48715A6}.Release|Any CPU.Build.0 = Release|Any CPU
		{F41A52D9-09A7-460C-9713-1320455F76EA}.Debug|Any CPU.ActiveCfg = Debug|Any CPU
		{F41A52D9-09A7-460C-9713-1320455F76EA}.Debug|Any CPU.Build.0 = Debug|Any CPU
		{F41A52D9-09A7-460C-9713-1320455F76EA}.Release|Any CPU.ActiveCfg = Release|Any CPU
		{F41A52D9-09A7-460C-9713-1320455F76EA}.Release|Any CPU.Build.0 = Release|Any CPU
		{92C064E1-631F-4902-8E94-24C2E2891465}.Debug|Any CPU.ActiveCfg = Debug|Any CPU
		{92C064E1-631F-4902-8E94-24C2E2891465}.Debug|Any CPU.Build.0 = Debug|Any CPU
		{92C064E1-631F-4902-8E94-24C2E2891465}.Release|Any CPU.ActiveCfg = Release|Any CPU
		{92C064E1-631F-4902-8E94-24C2E2891465}.Release|Any CPU.Build.0 = Release|Any CPU
		{E564C7D5-CAC4-454E-97DC-51EAD93F2546}.Debug|Any CPU.ActiveCfg = Debug|Any CPU
		{E564C7D5-CAC4-454E-97DC-51EAD93F2546}.Debug|Any CPU.Build.0 = Debug|Any CPU
		{E564C7D5-CAC4-454E-97DC-51EAD93F2546}.Release|Any CPU.ActiveCfg = Release|Any CPU
		{E564C7D5-CAC4-454E-97DC-51EAD93F2546}.Release|Any CPU.Build.0 = Release|Any CPU
		{710D3D1B-933E-4F9C-B6FA-013349B6F4CF}.Debug|Any CPU.ActiveCfg = Debug|Any CPU
		{710D3D1B-933E-4F9C-B6FA-013349B6F4CF}.Debug|Any CPU.Build.0 = Debug|Any CPU
		{710D3D1B-933E-4F9C-B6FA-013349B6F4CF}.Release|Any CPU.ActiveCfg = Release|Any CPU
		{710D3D1B-933E-4F9C-B6FA-013349B6F4CF}.Release|Any CPU.Build.0 = Release|Any CPU
	EndGlobalSection
	GlobalSection(SolutionProperties) = preSolution
		HideSolutionNode = FALSE
	EndGlobalSection
	GlobalSection(ExtensibilityGlobals) = postSolution
		SolutionGuid = {AF651F2A-6E9C-4329-94EB-7E9009C7569D}
	EndGlobalSection
EndGlobal
